// !$*UTF8*$!
{
	archiveVersion = 1;
	classes = {
	};
	objectVersion = 46;
	objects = {

/* Begin PBXBuildFile section */
		BDB377CE1E858D590043B413 /* AppDelegate.swift in Sources */ = {isa = PBXBuildFile; fileRef = BDB377CD1E858D590043B413 /* AppDelegate.swift */; };
		BDB377D01E858D590043B413 /* ViewController.swift in Sources */ = {isa = PBXBuildFile; fileRef = BDB377CF1E858D590043B413 /* ViewController.swift */; };
		BDB377D31E858D590043B413 /* Main.storyboard in Resources */ = {isa = PBXBuildFile; fileRef = BDB377D11E858D590043B413 /* Main.storyboard */; };
		BDB377D61E858D590043B413 /* DOIT.xcdatamodeld in Sources */ = {isa = PBXBuildFile; fileRef = BDB377D41E858D590043B413 /* DOIT.xcdatamodeld */; };
		BDB377D81E858D590043B413 /* Assets.xcassets in Resources */ = {isa = PBXBuildFile; fileRef = BDB377D71E858D590043B413 /* Assets.xcassets */; };
		BDB377DB1E858D590043B413 /* LaunchScreen.storyboard in Resources */ = {isa = PBXBuildFile; fileRef = BDB377D91E858D590043B413 /* LaunchScreen.storyboard */; };
		BDB377E31E8591C20043B413 /* task.swift in Sources */ = {isa = PBXBuildFile; fileRef = BDB377E21E8591C20043B413 /* task.swift */; };
/* End PBXBuildFile section */

/* Begin PBXFileReference section */
		BDB377CA1E858D590043B413 /* DOIT.app */ = {isa = PBXFileReference; explicitFileType = wrapper.application; includeInIndex = 0; path = DOIT.app; sourceTree = BUILT_PRODUCTS_DIR; };
		BDB377CD1E858D590043B413 /* AppDelegate.swift */ = {isa = PBXFileReference; lastKnownFileType = sourcecode.swift; path = AppDelegate.swift; sourceTree = "<group>"; };
		BDB377CF1E858D590043B413 /* ViewController.swift */ = {isa = PBXFileReference; lastKnownFileType = sourcecode.swift; path = ViewController.swift; sourceTree = "<group>"; };
		BDB377D21E858D590043B413 /* Base */ = {isa = PBXFileReference; lastKnownFileType = file.storyboard; name = Base; path = Base.lproj/Main.storyboard; sourceTree = "<group>"; };
		BDB377D51E858D590043B413 /* DOIT.xcdatamodel */ = {isa = PBXFileReference; lastKnownFileType = wrapper.xcdatamodel; path = DOIT.xcdatamodel; sourceTree = "<group>"; };
		BDB377D71E858D590043B413 /* Assets.xcassets */ = {isa = PBXFileReference; lastKnownFileType = folder.assetcatalog; path = Assets.xcassets; sourceTree = "<group>"; };
		BDB377DA1E858D590043B413 /* Base */ = {isa = PBXFileReference; lastKnownFileType = file.storyboard; name = Base; path = Base.lproj/LaunchScreen.storyboard; sourceTree = "<group>"; };
		BDB377DC1E858D590043B413 /* Info.plist */ = {isa = PBXFileReference; lastKnownFileType = text.plist.xml; path = Info.plist; sourceTree = "<group>"; };
		BDB377E21E8591C20043B413 /* task.swift */ = {isa = PBXFileReference; fileEncoding = 4; lastKnownFileType = sourcecode.swift; path = task.swift; sourceTree = "<group>"; };
/* End PBXFileReference section */

/* Begin PBXFrameworksBuildPhase section */
		BDB377C71E858D590043B413 /* Frameworks */ = {
			isa = PBXFrameworksBuildPhase;
			buildActionMask = 2147483647;
			files = (
			);
			runOnlyForDeploymentPostprocessing = 0;
		};
/* End PBXFrameworksBuildPhase section */

/* Begin PBXGroup section */
		BDB377C11E858D590043B413 = {
			isa = PBXGroup;
			children = (
				BDB377CC1E858D590043B413 /* DOIT */,
				BDB377CB1E858D590043B413 /* Products */,
			);
			sourceTree = "<group>";
		};
		BDB377CB1E858D590043B413 /* Products */ = {
			isa = PBXGroup;
			children = (
				BDB377CA1E858D590043B413 /* DOIT.app */,
			);
			name = Products;
			sourceTree = "<group>";
		};
		BDB377CC1E858D590043B413 /* DOIT */ = {
			isa = PBXGroup;
			children = (
				BDB377CD1E858D590043B413 /* AppDelegate.swift */,
				BDB377CF1E858D590043B413 /* ViewController.swift */,
				BDB377D11E858D590043B413 /* Main.storyboard */,
				BDB377E21E8591C20043B413 /* task.swift */,
				BDB377D71E858D590043B413 /* Assets.xcassets */,
				BDB377D91E858D590043B413 /* LaunchScreen.storyboard */,
				BDB377DC1E858D590043B413 /* Info.plist */,
				BDB377D41E858D590043B413 /* DOIT.xcdatamodeld */,
			);
			path = DOIT;
			sourceTree = "<group>";
		};
/* End PBXGroup section */

/* Begin PBXNativeTarget section */
		BDB377C91E858D590043B413 /* DOIT */ = {
			isa = PBXNativeTarget;
			buildConfigurationList = BDB377DF1E858D590043B413 /* Build configuration list for PBXNativeTarget "DOIT" */;
			buildPhases = (
				BDB377C61E858D590043B413 /* Sources */,
				BDB377C71E858D590043B413 /* Frameworks */,
				BDB377C81E858D590043B413 /* Resources */,
			);
			buildRules = (
			);
			dependencies = (
			);
			name = DOIT;
			productName = DOIT;
			productReference = BDB377CA1E858D590043B413 /* DOIT.app */;
			productType = "com.apple.product-type.application";
		};
/* End PBXNativeTarget section */

/* Begin PBXProject section */
		BDB377C21E858D590043B413 /* Project object */ = {
			isa = PBXProject;
			attributes = {
				LastSwiftUpdateCheck = 0820;
				LastUpgradeCheck = 0820;
				ORGANIZATIONNAME = "Seamus MacIsaac";
				TargetAttributes = {
					BDB377C91E858D590043B413 = {
						CreatedOnToolsVersion = 8.2.1;
						ProvisioningStyle = Automatic;
					};
				};
			};
			buildConfigurationList = BDB377C51E858D590043B413 /* Build configuration list for PBXProject "DOIT" */;
			compatibilityVersion = "Xcode 3.2";
			developmentRegion = English;
			hasScannedForEncodings = 0;
			knownRegions = (
				en,
				Base,
			);
			mainGroup = BDB377C11E858D590043B413;
			productRefGroup = BDB377CB1E858D590043B413 /* Products */;
			projectDirPath = "";
			projectRoot = "";
			targets = (
				BDB377C91E858D590043B413 /* DOIT */,
			);
		};
/* End PBXProject section */

/* Begin PBXResourcesBuildPhase section */
		BDB377C81E858D590043B413 /* Resources */ = {
			isa = PBXResourcesBuildPhase;
			buildActionMask = 2147483647;
			files = (
				BDB377DB1E858D590043B413 /* LaunchScreen.storyboard in Resources */,
				BDB377D81E858D590043B413 /* Assets.xcassets in Resources */,
				BDB377D31E858D590043B413 /* Main.storyboard in Resources */,
			);
			runOnlyForDeploymentPostprocessing = 0;
		};
/* End PBXResourcesBuildPhase section */

/* Begin PBXSourcesBuildPhase section */
		BDB377C61E858D590043B413 /* Sources */ = {
			isa = PBXSourcesBuildPhase;
			buildActionMask = 2147483647;
			files = (
				BDB377E31E8591C20043B413 /* task.swift in Sources */,
				BDB377D61E858D590043B413 /* DOIT.xcdatamodeld in Sources */,
				BDB377D01E858D590043B413 /* ViewController.swift in Sources */,
				BDB377CE1E858D590043B413 /* AppDelegate.swift in Sources */,
			);
			runOnlyForDeploymentPostprocessing = 0;
		};
/* End PBXSourcesBuildPhase section */

/* Begin PBXVariantGroup section */
		BDB377D11E858D590043B413 /* Main.storyboard */ = {
			isa = PBXVariantGroup;
			children = (
				BDB377D21E858D590043B413 /* Base */,
			);
			name = Main.storyboard;
			sourceTree = "<group>";
		};
		BDB377D91E858D590043B413 /* LaunchScreen.storyboard */ = {
			isa = PBXVariantGroup;
			children = (
				BDB377DA1E858D590043B413 /* Base */,
			);
			name = LaunchScreen.storyboard;
			sourceTree = "<group>";
		};
/* End PBXVariantGroup section */

/* Begin XCBuildConfiguration section */
		BDB377DD1E858D590043B413 /* Debug */ = {
			isa = XCBuildConfiguration;
			buildSettings = {
				ALWAYS_SEARCH_USER_PATHS = NO;
				CLANG_ANALYZER_NONNULL = YES;
				CLANG_CXX_LANGUAGE_STANDARD = "gnu++0x";
				CLANG_CXX_LIBRARY = "libc++";
				CLANG_ENABLE_MODULES = YES;
				CLANG_ENABLE_OBJC_ARC = YES;
				CLANG_WARN_BOOL_CONVERSION = YES;
				CLANG_WARN_CONSTANT_CONVERSION = YES;
				CLANG_WARN_DIRECT_OBJC_ISA_USAGE = YES_ERROR;
				CLANG_WARN_DOCUMENTATION_COMMENTS = YES;
				CLANG_WARN_EMPTY_BODY = YES;
				CLANG_WARN_ENUM_CONVERSION = YES;
				CLANG_WARN_INFINITE_RECURSION = YES;
				CLANG_WARN_INT_CONVERSION = YES;
				CLANG_WARN_OBJC_ROOT_CLASS = YES_ERROR;
				CLANG_WARN_SUSPICIOUS_MOVE = YES;
				CLANG_WARN_UNREACHABLE_CODE = YES;
				CLANG_WARN__DUPLICATE_METHOD_MATCH = YES;
				"CODE_SIGN_IDENTITY[sdk=iphoneos*]" = "iPhone Developer";
				COPY_PHASE_STRIP = NO;
				DEBUG_INFORMATION_FORMAT = dwarf;
				ENABLE_STRICT_OBJC_MSGSEND = YES;
				ENABLE_TESTABILITY = YES;
				GCC_C_LANGUAGE_STANDARD = gnu99;
				GCC_DYNAMIC_NO_PIC = NO;
				GCC_NO_COMMON_BLOCKS = YES;
				GCC_OPTIMIZATION_LEVEL = 0;
				GCC_PREPROCESSOR_DEFINITIONS = (
					"DEBUG=1",
					"$(inherited)",
				);
				GCC_WARN_64_TO_32_BIT_CONVERSION = YES;
				GCC_WARN_ABOUT_RETURN_TYPE = YES_ERROR;
				GCC_WARN_UNDECLARED_SELECTOR = YES;
				GCC_WARN_UNINITIALIZED_AUTOS = YES_AGGRESSIVE;
				GCC_WARN_UNUSED_FUNCTION = YES;
				GCC_WARN_UNUSED_VARIABLE = YES;
				IPHONEOS_DEPLOYMENT_TARGET = 10.2;
				MTL_ENABLE_DEBUG_INFO = YES;
				ONLY_ACTIVE_ARCH = YES;
				SDKROOT = iphoneos;
				SWIFT_ACTIVE_COMPILATION_CONDITIONS = DEBUG;
				SWIFT_OPTIMIZATION_LEVEL = "-Onone";
				TARGETED_DEVICE_FAMILY = "1,2";
			};
			name = Debug;
		};
		BDB377DE1E858D590043B413 /* Release */ = {
			isa = XCBuildConfiguration;
			buildSettings = {
				ALWAYS_SEARCH_USER_PATHS = NO;
				CLANG_ANALYZER_NONNULL = YES;
				CLANG_CXX_LANGUAGE_STANDARD = "gnu++0x";
				CLANG_CXX_LIBRARY = "libc++";
				CLANG_ENABLE_MODULES = YES;
				CLANG_ENABLE_OBJC_ARC = YES;
				CLANG_WARN_BOOL_CONVERSION = YES;
				CLANG_WARN_CONSTANT_CONVERSION = YES;
				CLANG_WARN_DIRECT_OBJC_ISA_USAGE = YES_ERROR;
				CLANG_WARN_DOCUMENTATION_COMMENTS = YES;
				CLANG_WARN_EMPTY_BODY = YES;
				CLANG_WARN_ENUM_CONVERSION = YES;
				CLANG_WARN_INFINITE_RECURSION = YES;
				CLANG_WARN_INT_CONVERSION = YES;
				CLANG_WARN_OBJC_ROOT_CLASS = YES_ERROR;
				CLANG_WARN_SUSPICIOUS_MOVE = YES;
				CLANG_WARN_UNREACHABLE_CODE = YES;
				CLANG_WARN__DUPLICATE_METHOD_MATCH = YES;
				"CODE_SIGN_IDENTITY[sdk=iphoneos*]" = "iPhone Developer";
				COPY_PHASE_STRIP = NO;
				DEBUG_INFORMATION_FORMAT = "dwarf-with-dsym";
				ENABLE_NS_ASSERTIONS = NO;
				ENABLE_STRICT_OBJC_MSGSEND = YES;
				GCC_C_LANGUAGE_STANDARD = gnu99;
				GCC_NO_COMMON_BLOCKS = YES;
				GCC_WARN_64_TO_32_BIT_CONVERSION = YES;
				GCC_WARN_ABOUT_RETURN_TYPE = YES_ERROR;
				GCC_WARN_UNDECLARED_SELECTOR = YES;
				GCC_WARN_UNINITIALIZED_AUTOS = YES_AGGRESSIVE;
				GCC_WARN_UNUSED_FUNCTION = YES;
				GCC_WARN_UNUSED_VARIABLE = YES;
				IPHONEOS_DEPLOYMENT_TARGET = 10.2;
				MTL_ENABLE_DEBUG_INFO = NO;
				SDKROOT = iphoneos;
				SWIFT_OPTIMIZATION_LEVEL = "-Owholemodule";
				TARGETED_DEVICE_FAMILY = "1,2";
				VALIDATE_PRODUCT = YES;
			};
			name = Release;
		};
		BDB377E01E858D590043B413 /* Debug */ = {
			isa = XCBuildConfiguration;
			buildSettings = {
				ASSETCATALOG_COMPILER_APPICON_NAME = AppIcon;
				INFOPLIST_FILE = DOIT/Info.plist;
				LD_RUNPATH_SEARCH_PATHS = "$(inherited) @executable_path/Frameworks";
				PRODUCT_BUNDLE_IDENTIFIER = "Dixon-Software.DOIT";
				PRODUCT_NAME = "$(TARGET_NAME)";
				SWIFT_VERSION = 3.0;
			};
			name = Debug;
		};
		BDB377E11E858D590043B413 /* Release */ = {
			isa = XCBuildConfiguration;
			buildSettings = {
				ASSETCATALOG_COMPILER_APPICON_NAME = AppIcon;
				INFOPLIST_FILE = DOIT/Info.plist;
				LD_RUNPATH_SEARCH_PATHS = "$(inherited) @executable_path/Frameworks";
				PRODUCT_BUNDLE_IDENTIFIER = "Dixon-Software.DOIT";
				PRODUCT_NAME = "$(TARGET_NAME)";
				SWIFT_VERSION = 3.0;
			};
			name = Release;
		};
/* End XCBuildConfiguration section */

/* Begin XCConfigurationList section */
		BDB377C51E858D590043B413 /* Build configuration list for PBXProject "DOIT" */ = {
			isa = XCConfigurationList;
			buildConfigurations = (
				BDB377DD1E858D590043B413 /* Debug */,
				BDB377DE1E858D590043B413 /* Release */,
			);
			defaultConfigurationIsVisible = 0;
			defaultConfigurationName = Release;
		};
		BDB377DF1E858D590043B413 /* Build configuration list for PBXNativeTarget "DOIT" */ = {
			isa = XCConfigurationList;
			buildConfigurations = (
				BDB377E01E858D590043B413 /* Debug */,
				BDB377E11E858D590043B413 /* Release */,
			);
			defaultConfigurationIsVisible = 0;
		};
/* End XCConfigurationList section */

/* Begin XCVersionGroup section */
		BDB377D41E858D590043B413 /* DOIT.xcdatamodeld */ = {
			isa = XCVersionGroup;
			children = (
				BDB377D51E858D590043B413 /* DOIT.xcdatamodel */,
			);
			currentVersion = BDB377D51E858D590043B413 /* DOIT.xcdatamodel */;
			path = DOIT.xcdatamodeld;
			sourceTree = "<group>";
			versionGroupType = wrapper.xcdatamodel;
		};
/* End XCVersionGroup section */
	};
	rootObject = BDB377C21E858D590043B413 /* Project object */;
}
